{
  "name": "markdown",
  "version": "1.0.0",
  "lockfileVersion": 1,
  "requires": true,
  "dependencies": {
    "bl": {
      "version": "0.4.2",
      "resolved": "http://registry.npm.taobao.org/bl/download/bl-0.4.2.tgz",
      "integrity": "sha1-XbMdcvA4xU5orcOVeBJf47Ct3JY=",
      "requires": {
        "readable-stream": "1.0.34"
      }
    },
    "core-util-is": {
      "version": "1.0.2",
      "resolved": "http://registry.npm.taobao.org/core-util-is/download/core-util-is-1.0.2.tgz",
      "integrity": "sha1-tf1UIgqivFq1eqtxQMlAdUUDwac="
    },
    "highlight.js": {
      "version": "9.12.0",
      "resolved": "http://registry.npm.taobao.org/highlight.js/download/highlight.js-9.12.0.tgz",
      "integrity": "sha1-5tnb5Xy+/mB1HwKvM2GVhwyQwB4="
    },
    "inherits": {
      "version": "2.0.3",
      "resolved": "http://registry.npm.taobao.org/inherits/download/inherits-2.0.3.tgz",
      "integrity": "sha1-Yzwsg+PaQqUC9SRmAiSA9CCCYd4="
    },
    "isarray": {
      "version": "0.0.1",
      "resolved": "http://registry.npm.taobao.org/isarray/download/isarray-0.0.1.tgz",
      "integrity": "sha1-ihis/Kmo9Bd+Cav8YDiTmwXR7t8="
    },
    "marked": {
      "version": "0.3.9",
      "resolved": "http://registry.npm.taobao.org/marked/download/marked-0.3.9.tgz",
      "integrity": "sha1-VM5qV+cgw6xgmDdOxiX8vMl/8pA="
    },
    "object-keys": {
      "version": "0.4.0",
      "resolved": "http://registry.npm.taobao.org/object-keys/download/object-keys-0.4.0.tgz",
      "integrity": "sha1-KKaq50KN0sOpLz2V8hM13SBOAzY="
    },
    "pygmentize-bundled": {
      "version": "2.3.0",
      "resolved": "http://registry.npm.taobao.org/pygmentize-bundled/download/pygmentize-bundled-2.3.0.tgz",
      "integrity": "sha1-1CXe2o0TaXW5M+3jYxNfYjNQgUo=",
      "requires": {
        "bl": "0.4.2",
        "through2": "0.2.3"
      }
    },
    "readable-stream": {
      "version": "1.0.34",
      "resolved": "http://registry.npm.taobao.org/readable-stream/download/readable-stream-1.0.34.tgz",
      "integrity": "sha1-Elgg40vIQtLyqq+v5MKRbuMsFXw=",
      "requires": {
        "core-util-is": "1.0.2",
        "inherits": "2.0.3",
        "isarray": "0.0.1",
        "string_decoder": "0.10.31"
      }
    },
    "string_decoder": {
      "version": "0.10.31",
      "resolved": "http://registry.npm.taobao.org/string_decoder/download/string_decoder-0.10.31.tgz",
      "integrity": "sha1-YuIDvEF2bGwoyfyEMB2rHFMQ+pQ="
    },
    "through2": {
      "version": "0.2.3",
      "resolved": "http://registry.npm.taobao.org/through2/download/through2-0.2.3.tgz",
      "integrity": "sha1-6zKE2k6jEbbMis42U3SKUqvyWj8=",
      "requires": {
        "readable-stream": "1.1.14",
        "xtend": "2.1.2"
      },
      "dependencies": {
        "readable-stream": {
          "version": "1.1.14",
          "resolved": "http://registry.npm.taobao.org/readable-stream/download/readable-stream-1.1.14.tgz",
          "integrity": "sha1-fPTFTvZI44EwhMY23SB54WbAgdk=",
          "requires": {
            "core-util-is": "1.0.2",
            "inherits": "2.0.3",
            "isarray": "0.0.1",
            "string_decoder": "0.10.31"
          }
        }
      }
    },
    "xtend": {
      "version": "2.1.2",
      "resolved": "http://registry.npm.taobao.org/xtend/download/xtend-2.1.2.tgz",
      "integrity": "sha1-bv7MKk2tjmlixJAbM3znuoe10os=",
      "requires": {
        "object-keys": "0.4.0"
      }
    }
  }
}
